version = 1
revision = 1
requires-python = "==3.7.9"

[[package]]
name = "absl-py"
version = "2.1.0"
source = { registry = "https://pypi.org/simple" }
sdist = { url = "https://files.pythonhosted.org/packages/7a/8f/fc001b92ecc467cc32ab38398bd0bfb45df46e7523bf33c2ad22a505f06e/absl-py-2.1.0.tar.gz", hash = "sha256:7820790efbb316739cde8b4e19357243fc3608a152024288513dd968d7d959ff", size = 118055 }
wheels = [
    { url = "https://files.pythonhosted.org/packages/a2/ad/e0d3c824784ff121c03cc031f944bc7e139a8f1870ffd2845cc2dd76f6c4/absl_py-2.1.0-py3-none-any.whl", hash = "sha256:526a04eadab8b4ee719ce68f204172ead1027549089702d99b9059f129ff1308", size = 133706 },
]

[[package]]
name = "astunparse"
version = "1.6.3"
source = { registry = "https://pypi.org/simple" }
dependencies = [
    { name = "six" },
    { name = "wheel" },
]
sdist = { url = "https://files.pythonhosted.org/packages/f3/af/4182184d3c338792894f34a62672919db7ca008c89abee9b564dd34d8029/astunparse-1.6.3.tar.gz", hash = "sha256:5ad93a8456f0d084c3456d059fd9a92cce667963232cbf763eac3bc5b7940872", size = 18290 }
wheels = [
    { url = "https://files.pythonhosted.org/packages/2b/03/13dde6512ad7b4557eb792fbcf0c653af6076b81e5941d36ec61f7ce6028/astunparse-1.6.3-py2.py3-none-any.whl", hash = "sha256:c2652417f2c8b5bb325c885ae329bdf3f86424075c4fd1a128674bc6fba4b8e8", size = 12732 },
]

[[package]]
name = "cachetools"
version = "4.2.4"
source = { registry = "https://pypi.org/simple" }
sdist = { url = "https://files.pythonhosted.org/packages/d7/69/c457a860456cbf80ecc2e44ed4c201b49ec7ad124d769b71f6d0a7935dca/cachetools-4.2.4.tar.gz", hash = "sha256:89ea6f1b638d5a73a4f9226be57ac5e4f399d22770b92355f92dcb0f7f001693", size = 25487 }
wheels = [
    { url = "https://files.pythonhosted.org/packages/ea/c1/4740af52db75e6dbdd57fc7e9478439815bbac549c1c05881be27d19a17d/cachetools-4.2.4-py3-none-any.whl", hash = "sha256:92971d3cb7d2a97efff7c7bb1657f21a8f5fb309a37530537c71b1774189f2d1", size = 10358 },
]

[[package]]
name = "certifi"
version = "2025.4.26"
source = { registry = "https://pypi.org/simple" }
sdist = { url = "https://files.pythonhosted.org/packages/e8/9e/c05b3920a3b7d20d3d3310465f50348e5b3694f4f88c6daf736eef3024c4/certifi-2025.4.26.tar.gz", hash = "sha256:0a816057ea3cdefcef70270d2c515e4506bbc954f417fa5ade2021213bb8f0c6", size = 160705 }
wheels = [
    { url = "https://files.pythonhosted.org/packages/4a/7e/3db2bd1b1f9e95f7cddca6d6e75e2f2bd9f51b1246e546d88addca0106bd/certifi-2025.4.26-py3-none-any.whl", hash = "sha256:30350364dfe371162649852c63336a15c70c6510c2ad5015b21c2345311805f3", size = 159618 },
]

[[package]]
name = "charset-normalizer"
version = "3.4.2"
source = { registry = "https://pypi.org/simple" }
sdist = { url = "https://files.pythonhosted.org/packages/e4/33/89c2ced2b67d1c2a61c19c6751aa8902d46ce3dacb23600a283619f5a12d/charset_normalizer-3.4.2.tar.gz", hash = "sha256:5baececa9ecba31eff645232d59845c07aa030f0c81ee70184a90d35099a0e63", size = 126367 }
wheels = [
    { url = "https://files.pythonhosted.org/packages/b5/1b/81575c26402ec16ad3f779ef3d66099414180aae26681b3868e1cf27b9af/charset_normalizer-3.4.2-cp37-cp37m-manylinux_2_17_aarch64.manylinux2014_aarch64.whl", hash = "sha256:1cad5f45b3146325bb38d6855642f6fd609c3f7cad4dbaf75549bf3b904d3184", size = 138020 },
    { url = "https://files.pythonhosted.org/packages/3b/9b/921f93af2c57f4aeb33e65a72ef012836b7663e9d96964cabb12786b9597/charset_normalizer-3.4.2-cp37-cp37m-manylinux_2_17_ppc64le.manylinux2014_ppc64le.whl", hash = "sha256:b2680962a4848b3c4f155dc2ee64505a9c57186d0d56b43123b17ca3de18f0fa", size = 147223 },
    { url = "https://files.pythonhosted.org/packages/33/b5/4b0eb8b7abdd0401babe6ce496473a8e1fb0c2ac7183f05333be030c5a3f/charset_normalizer-3.4.2-cp37-cp37m-manylinux_2_17_s390x.manylinux2014_s390x.whl", hash = "sha256:36b31da18b8890a76ec181c3cf44326bf2c48e36d393ca1b72b3f484113ea344", size = 140280 },
    { url = "https://files.pythonhosted.org/packages/38/84/cec08586c7c294e2c5e984de797c15b3efb30d42a0dd0132a62d2dfe3a27/charset_normalizer-3.4.2-cp37-cp37m-manylinux_2_17_x86_64.manylinux2014_x86_64.whl", hash = "sha256:f4074c5a429281bf056ddd4c5d3b740ebca4d43ffffe2ef4bf4d2d05114299da", size = 141317 },
    { url = "https://files.pythonhosted.org/packages/d9/fe/c9a7455b44f7c9b95f3fb3ff768e395e6324692eb0eac8e30988d272d71a/charset_normalizer-3.4.2-cp37-cp37m-manylinux_2_5_i686.manylinux1_i686.manylinux_2_17_i686.manylinux2014_i686.whl", hash = "sha256:c9e36a97bee9b86ef9a1cf7bb96747eb7a15c2f22bdb5b516434b00f2a599f02", size = 143954 },
    { url = "https://files.pythonhosted.org/packages/e5/c8/4b308943a400cdefc678192bb027cd077dc1b015410394cb4dedc44b31f3/charset_normalizer-3.4.2-cp37-cp37m-musllinux_1_2_aarch64.whl", hash = "sha256:1b1bde144d98e446b056ef98e59c256e9294f6b74d7af6846bf5ffdafd687a7d", size = 138731 },
    { url = "https://files.pythonhosted.org/packages/89/d6/54e374998ea75a58a886536273839aad3561c02e6db64defa3bda5478d4b/charset_normalizer-3.4.2-cp37-cp37m-musllinux_1_2_i686.whl", hash = "sha256:915f3849a011c1f593ab99092f3cecfcb4d65d8feb4a64cf1bf2d22074dc0ec4", size = 145728 },
    { url = "https://files.pythonhosted.org/packages/84/46/a0d87b114181e172ab3f5dbdf767e919b6ab9f38604c4fc6a2bf218566b5/charset_normalizer-3.4.2-cp37-cp37m-musllinux_1_2_ppc64le.whl", hash = "sha256:fb707f3e15060adf5b7ada797624a6c6e0138e2a26baa089df64c68ee98e040f", size = 149291 },
    { url = "https://files.pythonhosted.org/packages/e2/c2/6247f81a53824aa502cf39f05f9723fa9bdbbece51535de7146c51eb8270/charset_normalizer-3.4.2-cp37-cp37m-musllinux_1_2_s390x.whl", hash = "sha256:25a23ea5c7edc53e0f29bae2c44fcb5a1aa10591aae107f2a2b2583a9c5cbc64", size = 148147 },
    { url = "https://files.pythonhosted.org/packages/52/79/b9cb1853ad3dd9fbbf8fb79b79e575b4a4f4a5a90acb6159a86a4d919a94/charset_normalizer-3.4.2-cp37-cp37m-musllinux_1_2_x86_64.whl", hash = "sha256:770cab594ecf99ae64c236bc9ee3439c3f46be49796e265ce0cc8bc17b10294f", size = 141843 },
    { url = "https://files.pythonhosted.org/packages/1c/b4/108e23067af86a699b10985299c2f959b6fb69b03d484ba40b5b40f917fe/charset_normalizer-3.4.2-cp37-cp37m-win32.whl", hash = "sha256:6a0289e4589e8bdfef02a80478f1dfcb14f0ab696b5a00e1f4b8a14a307a3c58", size = 96308 },
    { url = "https://files.pythonhosted.org/packages/64/3f/29fad769c4cf1b171a4203799d9c3abcd0b552690c9437315a6a960751e7/charset_normalizer-3.4.2-cp37-cp37m-win_amd64.whl", hash = "sha256:6fc1f5b51fa4cecaa18f2bd7a003f3dd039dd615cd69a2afd6d3b19aed6775f2", size = 103185 },
    { url = "https://files.pythonhosted.org/packages/20/94/c5790835a017658cbfabd07f3bfb549140c3ac458cfc196323996b10095a/charset_normalizer-3.4.2-py3-none-any.whl", hash = "sha256:7f56930ab0abd1c45cd15be65cc741c28b1c9a34876ce8c17a2fa107810c0af0", size = 52626 },
]

[[package]]
name = "future"
version = "1.0.0"
source = { registry = "https://pypi.org/simple" }
sdist = { url = "https://files.pythonhosted.org/packages/a7/b2/4140c69c6a66432916b26158687e821ba631a4c9273c474343badf84d3ba/future-1.0.0.tar.gz", hash = "sha256:bd2968309307861edae1458a4f8a4f3598c03be43b97521076aebf5d94c07b05", size = 1228490 }
wheels = [
    { url = "https://files.pythonhosted.org/packages/da/71/ae30dadffc90b9006d77af76b393cb9dfbfc9629f339fc1574a1c52e6806/future-1.0.0-py3-none-any.whl", hash = "sha256:929292d34f5872e70396626ef385ec22355a1fae8ad29e1a734c3e43f9fbc216", size = 491326 },
]

[[package]]
name = "gast"
version = "0.3.3"
source = { registry = "https://pypi.org/simple" }
sdist = { url = "https://files.pythonhosted.org/packages/12/59/eaa15ab9710a20e22225efd042cd2d6a0b559a0656d5baba9641a2a4a921/gast-0.3.3.tar.gz", hash = "sha256:b881ef288a49aa81440d2c5eb8aeefd4c2bb8993d5f50edae7413a85bfdb3b57", size = 13760 }
wheels = [
    { url = "https://files.pythonhosted.org/packages/d6/84/759f5dd23fec8ba71952d97bcc7e2c9d7d63bdc582421f3cd4be845f0c98/gast-0.3.3-py2.py3-none-any.whl", hash = "sha256:8f46f5be57ae6889a4e16e2ca113b1703ef17f2b0abceb83793eaba9e1351a45", size = 9701 },
]

[[package]]
name = "google-auth"
version = "1.35.0"
source = { registry = "https://pypi.org/simple" }
dependencies = [
    { name = "cachetools" },
    { name = "pyasn1-modules" },
    { name = "rsa" },
    { name = "setuptools" },
    { name = "six" },
]
sdist = { url = "https://files.pythonhosted.org/packages/9a/97/bf2edc87092301da1936b0df4d9d60e5f4287b6910b7d8f5cc0ea796d620/google-auth-1.35.0.tar.gz", hash = "sha256:b7033be9028c188ee30200b204ea00ed82ea1162e8ac1df4aa6ded19a191d88e", size = 181504 }
wheels = [
    { url = "https://files.pythonhosted.org/packages/fb/7a/1b3eb54caee1b8c73c2c3645f78a382eca4805a301a30c64a078e736e446/google_auth-1.35.0-py2.py3-none-any.whl", hash = "sha256:997516b42ecb5b63e8d80f5632c1a61dddf41d2a4c2748057837e06e00014258", size = 152949 },
]

[[package]]
name = "google-auth-oauthlib"
version = "0.4.6"
source = { registry = "https://pypi.org/simple" }
dependencies = [
    { name = "google-auth" },
    { name = "requests-oauthlib" },
]
sdist = { url = "https://files.pythonhosted.org/packages/30/21/b84fa7ef834d4b126faad13da6e582c8f888e196326b9d6aab1ae303df4f/google-auth-oauthlib-0.4.6.tar.gz", hash = "sha256:a90a072f6993f2c327067bf65270046384cda5a8ecb20b94ea9a687f1f233a7a", size = 19516 }
wheels = [
    { url = "https://files.pythonhosted.org/packages/b1/0e/0636cc1448a7abc444fb1b3a63655e294e0d2d49092dc3de05241be6d43c/google_auth_oauthlib-0.4.6-py2.py3-none-any.whl", hash = "sha256:3f2a6e802eebbb6fb736a370fbf3b055edcb6b52878bf2f26330b5e041316c73", size = 18306 },
]

[[package]]
name = "google-pasta"
version = "0.2.0"
source = { registry = "https://pypi.org/simple" }
dependencies = [
    { name = "six" },
]
sdist = { url = "https://files.pythonhosted.org/packages/35/4a/0bd53b36ff0323d10d5f24ebd67af2de10a1117f5cf4d7add90df92756f1/google-pasta-0.2.0.tar.gz", hash = "sha256:c9f2c8dfc8f96d0d5808299920721be30c9eec37f2389f28904f454565c8a16e", size = 40430 }
wheels = [
    { url = "https://files.pythonhosted.org/packages/a3/de/c648ef6835192e6e2cc03f40b19eeda4382c49b5bafb43d88b931c4c74ac/google_pasta-0.2.0-py3-none-any.whl", hash = "sha256:b32482794a366b5366a32c92a9a9201b107821889935a02b3e51f6b432ea84ed", size = 57471 },
]

[[package]]
name = "grpcio"
version = "1.62.3"
source = { registry = "https://pypi.org/simple" }
sdist = { url = "https://files.pythonhosted.org/packages/31/2e/1e2cd0edeaaeaae0ab9df2615492725d0f2f689d3f9aa3b088356af7a584/grpcio-1.62.3.tar.gz", hash = "sha256:4439bbd759636e37b66841117a66444b454937e27f0125205d2d117d7827c643", size = 26297933 }
wheels = [
    { url = "https://files.pythonhosted.org/packages/c4/c0/8164fd20e437b95fd075da98d60c36c44824b0912ccf59ceef711e46808a/grpcio-1.62.3-cp37-cp37m-linux_armv7l.whl", hash = "sha256:8257cc9e55fb0e2149a652d9dc14c023720f9e73c9145776e07c97e0a553922e", size = 4782909 },
    { url = "https://files.pythonhosted.org/packages/60/3e/d00c99379945990d86b8c85ae67ae81dcf915bb1ae3db8a9c7f481565de8/grpcio-1.62.3-cp37-cp37m-macosx_10_10_universal2.whl", hash = "sha256:e202e3f963480ca067a261179b1ac610c0f0272cb4a7942d11b7e2b3fc99c3aa", size = 10034226 },
    { url = "https://files.pythonhosted.org/packages/03/57/9b782b2d2082d1e4589512943853f48d917ef5f5e70aff1f8bf951d9cb55/grpcio-1.62.3-cp37-cp37m-manylinux_2_17_aarch64.whl", hash = "sha256:9c4aae4e683776c319169d87e7891b67b75e3f1c0beeb877902ea148b0585164", size = 5299257 },
    { url = "https://files.pythonhosted.org/packages/09/e5/f09fb2e46c0c685f024288fab37ef30447995b3368e813ada6383f65eca0/grpcio-1.62.3-cp37-cp37m-manylinux_2_17_i686.manylinux2014_i686.whl", hash = "sha256:a82410d7620c07cb32624e38f2a106980564dfef9dbe78f5b295cda9ef217c03", size = 5828534 },
    { url = "https://files.pythonhosted.org/packages/90/f8/ffc848081d7c66ded9ed0743c1ad0140c70e45861566607889eb8fa1c098/grpcio-1.62.3-cp37-cp37m-manylinux_2_17_x86_64.manylinux2014_x86_64.whl", hash = "sha256:c118cfc80e2402a5595be36e9245ffd9b0e146f426cc40bdf60015bf183f8373", size = 5552072 },
    { url = "https://files.pythonhosted.org/packages/34/89/c121c850538e58d92ecdd57270545770bb81b9888a09491636808069fafe/grpcio-1.62.3-cp37-cp37m-musllinux_1_1_i686.whl", hash = "sha256:377babc817e8b4186aed7ed56e832867c513e4e9b6c3503565c344ffdef440d4", size = 6117860 },
    { url = "https://files.pythonhosted.org/packages/e6/79/a359e2d01b750c35615b2165d97673b218a15268a32bdafe0060da57d2d4/grpcio-1.62.3-cp37-cp37m-musllinux_1_1_x86_64.whl", hash = "sha256:7b33c1807d4ac564a3027d06f21a2220c116ceacaaef614deb96b3341ee58896", size = 5784945 },
    { url = "https://files.pythonhosted.org/packages/df/8e/2a3c0ba06044e030b7057df9d2e4901f78354fa1e1fc95fb97f7855c3040/grpcio-1.62.3-cp37-cp37m-win_amd64.whl", hash = "sha256:1ac0944e9e3ee3e20825226d1e17985e9f88487055c475986cf0922a7d806d8a", size = 4464956 },
]

[[package]]
name = "h5py"
version = "2.10.0"
source = { registry = "https://pypi.org/simple" }
dependencies = [
    { name = "numpy" },
    { name = "six" },
]
sdist = { url = "https://files.pythonhosted.org/packages/5f/97/a58afbcf40e8abecededd9512978b4e4915374e5b80049af082f49cebe9a/h5py-2.10.0.tar.gz", hash = "sha256:84412798925dc870ffd7107f045d7659e60f5d46d1c70c700375248bf6bf512d", size = 301057 }
wheels = [
    { url = "https://files.pythonhosted.org/packages/1a/8b/4d01ae9a9d50a0bcc7b0b9aae41785d8d9de6fa9bba04dc20b1582181d2d/h5py-2.10.0-cp37-cp37m-macosx_10_6_intel.whl", hash = "sha256:51ae56894c6c93159086ffa2c94b5b3388c0400548ab26555c143e7cfa05b8e5", size = 2956548 },
    { url = "https://files.pythonhosted.org/packages/7f/d9/0ddeea0a6dcb0e330c5d98a72c2fed52a0430f48d69e5bf4d50024f3c0ba/h5py-2.10.0-cp37-cp37m-manylinux1_i686.whl", hash = "sha256:16ead3c57141101e3296ebeed79c9c143c32bdd0e82a61a2fc67e8e6d493e9d1", size = 2519361 },
    { url = "https://files.pythonhosted.org/packages/3f/c0/abde58b837e066bca19a3f7332d9d0493521d7dd6b48248451a9e3fe2214/h5py-2.10.0-cp37-cp37m-manylinux1_x86_64.whl", hash = "sha256:f0e25bb91e7a02efccb50aba6591d3fe2c725479e34769802fcdd4076abfa917", size = 2869822 },
    { url = "https://files.pythonhosted.org/packages/81/67/1456efe696304577d13af7ba12292fbe2c68acc37c8638494e5b15c53bd2/h5py-2.10.0-cp37-cp37m-win32.whl", hash = "sha256:f23951a53d18398ef1344c186fb04b26163ca6ce449ebd23404b153fd111ded9", size = 2116114 },
    { url = "https://files.pythonhosted.org/packages/a1/6b/7f62017e3f0b32438dd90bdc1ff0b7b1448b6cb04a1ed84f37b6de95cd7b/h5py-2.10.0-cp37-cp37m-win_amd64.whl", hash = "sha256:8bb1d2de101f39743f91512a9750fb6c351c032e5cd3204b4487383e34da7f75", size = 2484100 },
]

[[package]]
name = "idna"
version = "3.10"
source = { registry = "https://pypi.org/simple" }
sdist = { url = "https://files.pythonhosted.org/packages/f1/70/7703c29685631f5a7590aa73f1f1d3fa9a380e654b86af429e0934a32f7d/idna-3.10.tar.gz", hash = "sha256:12f65c9b470abda6dc35cf8e63cc574b1c52b11df2c86030af0ac09b01b13ea9", size = 190490 }
wheels = [
    { url = "https://files.pythonhosted.org/packages/76/c6/c88e154df9c4e1a2a66ccf0005a88dfb2650c1dffb6f5ce603dfbd452ce3/idna-3.10-py3-none-any.whl", hash = "sha256:946d195a0d259cbba61165e88e65941f16e9b36ea6ddb97f00452bae8b1287d3", size = 70442 },
]

[[package]]
name = "importlib-metadata"
version = "6.7.0"
source = { registry = "https://pypi.org/simple" }
dependencies = [
    { name = "typing-extensions" },
    { name = "zipp" },
]
sdist = { url = "https://files.pythonhosted.org/packages/a3/82/f6e29c8d5c098b6be61460371c2c5591f4a335923639edec43b3830650a4/importlib_metadata-6.7.0.tar.gz", hash = "sha256:1aaf550d4f73e5d6783e7acb77aec43d49da8017410afae93822cc9cca98c4d4", size = 53569 }
wheels = [
    { url = "https://files.pythonhosted.org/packages/ff/94/64287b38c7de4c90683630338cf28f129decbba0a44f0c6db35a873c73c4/importlib_metadata-6.7.0-py3-none-any.whl", hash = "sha256:cb52082e659e97afc5dac71e79de97d8681de3aa07ff18578330904a9d18e5b5", size = 22934 },
]

[[package]]
name = "keras-preprocessing"
version = "1.1.2"
source = { registry = "https://pypi.org/simple" }
dependencies = [
    { name = "numpy" },
    { name = "six" },
]
sdist = { url = "https://files.pythonhosted.org/packages/5e/f1/b44337faca48874333769a29398fe4666686733c8880aa160b9fd5dfe600/Keras_Preprocessing-1.1.2.tar.gz", hash = "sha256:add82567c50c8bc648c14195bf544a5ce7c1f76761536956c3d2978970179ef3", size = 163598 }
wheels = [
    { url = "https://files.pythonhosted.org/packages/79/4c/7c3275a01e12ef9368a892926ab932b33bb13d55794881e3573482b378a7/Keras_Preprocessing-1.1.2-py2.py3-none-any.whl", hash = "sha256:7b82029b130ff61cc99b55f3bd27427df4838576838c5b2f65940e4fcec99a7b", size = 42581 },
]

[[package]]
name = "markdown"
version = "3.4.4"
source = { registry = "https://pypi.org/simple" }
dependencies = [
    { name = "importlib-metadata" },
]
sdist = { url = "https://files.pythonhosted.org/packages/87/2a/62841f4fb1fef5fa015ded48d02401cd95643ca03b6760b29437b62a04a4/Markdown-3.4.4.tar.gz", hash = "sha256:225c6123522495d4119a90b3a3ba31a1e87a70369e03f14799ea9c0d7183a3d6", size = 324459 }
wheels = [
    { url = "https://files.pythonhosted.org/packages/1a/b5/228c1cdcfe138f1a8e01ab1b54284c8b83735476cb22b6ba251656ed13ad/Markdown-3.4.4-py3-none-any.whl", hash = "sha256:a4c1b65c0957b4bd9e7d86ddc7b3c9868fb9670660f6f99f6d1bca8954d5a941", size = 94174 },
]

[[package]]
name = "markupsafe"
version = "2.1.5"
source = { registry = "https://pypi.org/simple" }
sdist = { url = "https://files.pythonhosted.org/packages/87/5b/aae44c6655f3801e81aa3eef09dbbf012431987ba564d7231722f68df02d/MarkupSafe-2.1.5.tar.gz", hash = "sha256:d283d37a890ba4c1ae73ffadf8046435c76e7bc2247bbb63c00bd1a709c6544b", size = 19384 }
wheels = [
    { url = "https://files.pythonhosted.org/packages/a7/88/a940e11827ea1c136a34eca862486178294ae841164475b9ab216b80eb8e/MarkupSafe-2.1.5-cp37-cp37m-macosx_10_9_x86_64.whl", hash = "sha256:c8b29db45f8fe46ad280a7294f5c3ec36dbac9491f2d1c17345be8e69cc5928f", size = 13982 },
    { url = "https://files.pythonhosted.org/packages/cb/06/0d28bd178db529c5ac762a625c335a9168a7a23f280b4db9c95e97046145/MarkupSafe-2.1.5-cp37-cp37m-manylinux_2_17_aarch64.manylinux2014_aarch64.whl", hash = "sha256:ec6a563cff360b50eed26f13adc43e61bc0c04d94b8be985e6fb24b81f6dcfdf", size = 26335 },
    { url = "https://files.pythonhosted.org/packages/4a/1d/c4f5016f87ced614eacc7d5fb85b25bcc0ff53e8f058d069fc8cbfdc3c7a/MarkupSafe-2.1.5-cp37-cp37m-manylinux_2_17_x86_64.manylinux2014_x86_64.whl", hash = "sha256:a549b9c31bec33820e885335b451286e2969a2d9e24879f83fe904a5ce59d70a", size = 25557 },
    { url = "https://files.pythonhosted.org/packages/b3/fb/c18b8c9fbe69e347fdbf782c6478f1bc77f19a830588daa224236678339b/MarkupSafe-2.1.5-cp37-cp37m-manylinux_2_5_i686.manylinux1_i686.manylinux_2_17_i686.manylinux2014_i686.whl", hash = "sha256:4f11aa001c540f62c6166c7726f71f7573b52c68c31f014c25cc7901deea0b52", size = 25245 },
    { url = "https://files.pythonhosted.org/packages/2f/69/30d29adcf9d1d931c75001dd85001adad7374381c9c2086154d9f6445be6/MarkupSafe-2.1.5-cp37-cp37m-musllinux_1_1_aarch64.whl", hash = "sha256:7b2e5a267c855eea6b4283940daa6e88a285f5f2a67f2220203786dfa59b37e9", size = 31013 },
    { url = "https://files.pythonhosted.org/packages/3a/03/63498d05bd54278b6ca340099e5b52ffb9cdf2ee4f2d9b98246337e21689/MarkupSafe-2.1.5-cp37-cp37m-musllinux_1_1_i686.whl", hash = "sha256:2d2d793e36e230fd32babe143b04cec8a8b3eb8a3122d2aceb4a371e6b09b8df", size = 30178 },
    { url = "https://files.pythonhosted.org/packages/68/79/11b4fe15124692f8673b603433e47abca199a08ecd2a4851bfbdc97dc62d/MarkupSafe-2.1.5-cp37-cp37m-musllinux_1_1_x86_64.whl", hash = "sha256:ce409136744f6521e39fd8e2a24c53fa18ad67aa5bc7c2cf83645cce5b5c4e50", size = 30429 },
    { url = "https://files.pythonhosted.org/packages/ed/88/408bdbf292eb86f03201c17489acafae8358ba4e120d92358308c15cea7c/MarkupSafe-2.1.5-cp37-cp37m-win32.whl", hash = "sha256:4096e9de5c6fdf43fb4f04c26fb114f61ef0bf2e5604b6ee3019d51b69e8c371", size = 16633 },
    { url = "https://files.pythonhosted.org/packages/6c/4c/3577a52eea1880538c435176bc85e5b3379b7ab442327ccd82118550758f/MarkupSafe-2.1.5-cp37-cp37m-win_amd64.whl", hash = "sha256:4275d846e41ecefa46e2015117a9f491e57a71ddd59bbead77e904dc02b1bed2", size = 17215 },
]

[[package]]
name = "new-project"
version = "0.1.0"
source = { virtual = "." }
dependencies = [
    { name = "onnx" },
    { name = "onnx-tf" },
    { name = "tensorflow" },
    { name = "tensorflow-addons" },
    { name = "torch" },
]

[package.metadata]
requires-dist = [
    { name = "onnx", specifier = "==1.7.0" },
    { name = "onnx-tf", specifier = "==1.6.0" },
    { name = "tensorflow", specifier = "==2.2.0" },
    { name = "tensorflow-addons", specifier = "==0.11.2" },
    { name = "torch", specifier = "==1.5.1" },
]

[[package]]
name = "numpy"
version = "1.21.6"
source = { registry = "https://pypi.org/simple" }
sdist = { url = "https://files.pythonhosted.org/packages/45/b7/de7b8e67f2232c26af57c205aaad29fe17754f793404f59c8a730c7a191a/numpy-1.21.6.zip", hash = "sha256:ecb55251139706669fdec2ff073c98ef8e9a84473e51e716211b41aa0f18e656", size = 10274544 }
wheels = [
    { url = "https://files.pythonhosted.org/packages/32/dd/43d8b2b2ebf424f6555271a4c9f5b50dc3cc0aafa66c72b4d36863f71358/numpy-1.21.6-cp37-cp37m-macosx_10_9_x86_64.whl", hash = "sha256:6aaf96c7f8cebc220cdfc03f1d5a31952f027dda050e5a703a0d1c396075e3e7", size = 16894122 },
    { url = "https://files.pythonhosted.org/packages/06/78/b184f13f5461812a17a90b380d70a93fa3532460f0af9d72b0d93d8bc4ff/numpy-1.21.6-cp37-cp37m-manylinux_2_12_i686.manylinux2010_i686.whl", hash = "sha256:67c261d6c0a9981820c3a149d255a76918278a6b03b6a036800359aba1256d46", size = 13670697 },
    { url = "https://files.pythonhosted.org/packages/6d/ad/ff3b21ebfe79a4d25b4a4f8e5cf9fd44a204adb6b33c09010f566f51027a/numpy-1.21.6-cp37-cp37m-manylinux_2_12_x86_64.manylinux2010_x86_64.whl", hash = "sha256:a6be4cb0ef3b8c9250c19cc122267263093eee7edd4e3fa75395dfda8c17a8e2", size = 15702369 },
    { url = "https://files.pythonhosted.org/packages/b7/0d/86662f93102e42545cdf031da4fddf0ace9030ec67478932a628afc5973b/numpy-1.21.6-cp37-cp37m-manylinux_2_17_aarch64.manylinux2014_aarch64.whl", hash = "sha256:7c4068a8c44014b2d55f3c3f574c376b2494ca9cc73d2f1bd692382b6dffe3db", size = 12974170 },
    { url = "https://files.pythonhosted.org/packages/cd/eb/f6f3258e7b0e0cc5c327778312bf4ee4978c8514aa28e97119ee206f6e60/numpy-1.21.6-cp37-cp37m-win32.whl", hash = "sha256:7c7e5fa88d9ff656e067876e4736379cc962d185d5cd808014a8a928d529ef4e", size = 11680505 },
    { url = "https://files.pythonhosted.org/packages/97/9f/da37cc4a188a1d5d203d65ab28d6504e17594b5342e0c1dc5610ee6f4535/numpy-1.21.6-cp37-cp37m-win_amd64.whl", hash = "sha256:bcb238c9c96c00d3085b264e5c1a1207672577b93fa666c3b14a45240b14123a", size = 13969236 },
    { url = "https://files.pythonhosted.org/packages/2e/5a/6f3e280a10de48395053a559bfcb3b2221b74b57d062c1d6307fc965f549/numpy-1.21.6-pp37-pypy37_pp73-manylinux_2_12_x86_64.manylinux2010_x86_64.whl", hash = "sha256:dd1c8f6bd65d07d3810b90d02eba7997e32abbdf1277a481d698969e921a3be0", size = 15159527 },
]

[[package]]
name = "oauthlib"
version = "3.2.2"
source = { registry = "https://pypi.org/simple" }
sdist = { url = "https://files.pythonhosted.org/packages/6d/fa/fbf4001037904031639e6bfbfc02badfc7e12f137a8afa254df6c4c8a670/oauthlib-3.2.2.tar.gz", hash = "sha256:9859c40929662bec5d64f34d01c99e093149682a3f38915dc0655d5a633dd918", size = 177352 }
wheels = [
    { url = "https://files.pythonhosted.org/packages/7e/80/cab10959dc1faead58dc8384a781dfbf93cb4d33d50988f7a69f1b7c9bbe/oauthlib-3.2.2-py3-none-any.whl", hash = "sha256:8139f29aac13e25d502680e9e19963e83f16838d48a0d71c287fe40e7067fbca", size = 151688 },
]

[[package]]
name = "onnx"
version = "1.7.0"
source = { registry = "https://pypi.org/simple" }
dependencies = [
    { name = "numpy" },
    { name = "protobuf" },
    { name = "six" },
    { name = "typing-extensions" },
]
sdist = { url = "https://files.pythonhosted.org/packages/ad/09/113e46f2fe1a4c65dacb76645d8a5cc2064a8fce520c40611e9441c693f9/onnx-1.7.0.tar.gz", hash = "sha256:5e7abaaf71c9403354c406cf20975c1499399247e1f98b5a446a700d977bd948", size = 5479406 }
wheels = [
    { url = "https://files.pythonhosted.org/packages/20/92/394f55bf16e86962e26db9049ec6c016a7b3acea0e7381abb20f460f9674/onnx-1.7.0-cp37-cp37m-macosx_10_9_x86_64.whl", hash = "sha256:818b28bcbf5572d8e87ae743cb09eea8ad6b1069350c9047d4ca43b644c3fe6e", size = 7538592 },
    { url = "https://files.pythonhosted.org/packages/35/90/7f26637b501bb7ab2d80b109d80c41b043ffea176c38174015fe0eef0e5f/onnx-1.7.0-cp37-cp37m-manylinux1_i686.whl", hash = "sha256:48ff41c0fcc4c5898cc3bc861c00925b21b8dd6184fc576c7b677e6b66afb485", size = 7401445 },
    { url = "https://files.pythonhosted.org/packages/d9/fb/3193df06e0feae7884d25e11e41b410ecd3c0a17445b941767c772dc8cf7/onnx-1.7.0-cp37-cp37m-manylinux1_x86_64.whl", hash = "sha256:303f5028c1d3b9feaa29890c5cfc78e9424bb143e9bfe04abc4948cbe44183d4", size = 7419556 },
    { url = "https://files.pythonhosted.org/packages/12/94/3b582bf4f7a29a95d2d5f7c6dea90058e89073aaa2000a8aa4c9114d7e91/onnx-1.7.0-cp37-cp37m-win32.whl", hash = "sha256:fda540476bf52350596b5107ed8fe74b0c56b9d2bfeec0b32aeae6fa2be70397", size = 6629494 },
    { url = "https://files.pythonhosted.org/packages/c2/97/ddbddd9ffcaa8930add923378dc8f2abec693cd9ade5d01f2976a6155c48/onnx-1.7.0-cp37-cp37m-win_amd64.whl", hash = "sha256:52e4615bfcecb27ad433186aba1b7931b70754563c8c2af6c9821f86cf2baeb9", size = 6750447 },
]

[[package]]
name = "onnx-tf"
version = "1.6.0"
source = { registry = "https://pypi.org/simple" }
dependencies = [
    { name = "onnx" },
    { name = "pyyaml" },
]
sdist = { url = "https://files.pythonhosted.org/packages/f8/d0/18ced05dcf97a4e4f8b5d2785f6946a9db066fe3d0e5c68dd70e1d54d18a/onnx-tf-1.6.0.tar.gz", hash = "sha256:040f56d5de801346d1b054e4c120caf236c56008320de1c7ba48d65c13f911e4", size = 113534 }
wheels = [
    { url = "https://files.pythonhosted.org/packages/38/9d/bf1f0816cd5f0aede47256b019990ada9c74162d7eb314e05725fec80ed9/onnx_tf-1.6.0-py3-none-any.whl", hash = "sha256:cfcdeb0222bc1cc58b47ecddec0bf9a4c1dd9847636a3c52b5c6c09d47bb526f", size = 186593 },
]

[[package]]
name = "opt-einsum"
version = "3.3.0"
source = { registry = "https://pypi.org/simple" }
dependencies = [
    { name = "numpy" },
]
sdist = { url = "https://files.pythonhosted.org/packages/7d/bf/9257e53a0e7715bc1127e15063e831f076723c6cd60985333a1c18878fb8/opt_einsum-3.3.0.tar.gz", hash = "sha256:59f6475f77bbc37dcf7cd748519c0ec60722e91e63ca114e68821c0c54a46549", size = 73951 }
wheels = [
    { url = "https://files.pythonhosted.org/packages/bc/19/404708a7e54ad2798907210462fd950c3442ea51acc8790f3da48d2bee8b/opt_einsum-3.3.0-py3-none-any.whl", hash = "sha256:2455e59e3947d3c275477df7f5205b30635e266fe6dc300e3d9f9646bfcea147", size = 65486 },
]

[[package]]
name = "protobuf"
version = "4.24.4"
source = { registry = "https://pypi.org/simple" }
sdist = { url = "https://files.pythonhosted.org/packages/52/5c/f2c0778278259089952f94b0884ca27a001a17ffbd992ebe30c841085f4c/protobuf-4.24.4.tar.gz", hash = "sha256:5a70731910cd9104762161719c3d883c960151eea077134458503723b60e3667", size = 383850 }
wheels = [
    { url = "https://files.pythonhosted.org/packages/00/0f/3dc2f86e9c3d6e73c56d915a3563ecc96ebee8144fb39614f0d6c1fb023d/protobuf-4.24.4-cp310-abi3-win32.whl", hash = "sha256:ec9912d5cb6714a5710e28e592ee1093d68c5ebfeda61983b3f40331da0b1ebb", size = 409968 },
    { url = "https://files.pythonhosted.org/packages/c2/59/f89c04923d68595d359f4cd7adbbdf5e5d791257945f8873d88b2fd1f979/protobuf-4.24.4-cp310-abi3-win_amd64.whl", hash = "sha256:1badab72aa8a3a2b812eacfede5020472e16c6b2212d737cefd685884c191085", size = 430493 },
    { url = "https://files.pythonhosted.org/packages/88/12/efb5896c901382548ecb58d0449885a8f9aa62bb559d65e5a8a47f122629/protobuf-4.24.4-cp37-abi3-macosx_10_9_universal2.whl", hash = "sha256:8e61a27f362369c2f33248a0ff6896c20dcd47b5d48239cb9720134bef6082e4", size = 409417 },
    { url = "https://files.pythonhosted.org/packages/db/61/9c7b481771fe4702fb3be1152812fecec9b06f9c36d523ad52b98cb46800/protobuf-4.24.4-cp37-abi3-manylinux2014_aarch64.whl", hash = "sha256:bffa46ad9612e6779d0e51ae586fde768339b791a50610d85eb162daeb23661e", size = 310587 },
    { url = "https://files.pythonhosted.org/packages/c8/2c/03046cac73f46bfe98fc846ef629cf4f84c2f59258216aa2cc0d22bfca8f/protobuf-4.24.4-cp37-abi3-manylinux2014_x86_64.whl", hash = "sha256:b493cb590960ff863743b9ff1452c413c2ee12b782f48beca77c8da3e2ffe9d9", size = 311559 },
    { url = "https://files.pythonhosted.org/packages/92/fd/b965c32ad16c2b5e074e6aed141a6b4af055cbd2c595ee9391a9a2892482/protobuf-4.24.4-cp37-cp37m-win32.whl", hash = "sha256:dbbed8a56e56cee8d9d522ce844a1379a72a70f453bde6243e3c86c30c2a3d46", size = 409704 },
    { url = "https://files.pythonhosted.org/packages/61/70/ee9585603255156d88f07528a6094733e37f8e3f72711b8583fcbb77d5ec/protobuf-4.24.4-cp37-cp37m-win_amd64.whl", hash = "sha256:6b7d2e1c753715dcfe9d284a25a52d67818dd43c4932574307daf836f0071e37", size = 430025 },
    { url = "https://files.pythonhosted.org/packages/e5/a7/bb962b8b981dd890a44a34d0e922b76c32e5db443ff9f9b9ce6149069070/protobuf-4.24.4-py3-none-any.whl", hash = "sha256:80797ce7424f8c8d2f2547e2d42bfbb6c08230ce5832d6c099a37335c9c90a92", size = 175677 },
]

[[package]]
name = "pyasn1"
version = "0.5.1"
source = { registry = "https://pypi.org/simple" }
sdist = { url = "https://files.pythonhosted.org/packages/ce/dc/996e5446a94627fe8192735c20300ca51535397e31e7097a3cc80ccf78b7/pyasn1-0.5.1.tar.gz", hash = "sha256:6d391a96e59b23130a5cfa74d6fd7f388dbbe26cc8f1edf39fdddf08d9d6676c", size = 147134 }
wheels = [
    { url = "https://files.pythonhosted.org/packages/d1/75/4686d2872bf2fc0b37917cbc8bbf0dd3a5cdb0990799be1b9cbf1e1eb733/pyasn1-0.5.1-py2.py3-none-any.whl", hash = "sha256:4439847c58d40b1d0a573d07e3856e95333f1976294494c325775aeca506eb58", size = 84930 },
]

[[package]]
name = "pyasn1-modules"
version = "0.3.0"
source = { registry = "https://pypi.org/simple" }
dependencies = [
    { name = "pyasn1" },
]
sdist = { url = "https://files.pythonhosted.org/packages/3b/e4/7dec823b1b5603c5b3c51e942d5d9e65efd6ff946e713a325ed4146d070f/pyasn1_modules-0.3.0.tar.gz", hash = "sha256:5bd01446b736eb9d31512a30d46c1ac3395d676c6f3cafa4c03eb54b9925631c", size = 307901 }
wheels = [
    { url = "https://files.pythonhosted.org/packages/cd/8e/bea464350e1b8c6ed0da3a312659cb648804a08af6cacc6435867f74f8bd/pyasn1_modules-0.3.0-py2.py3-none-any.whl", hash = "sha256:d3ccd6ed470d9ffbc716be08bd90efbd44d0734bc9303818f7336070984a162d", size = 181306 },
]

[[package]]
name = "pyyaml"
version = "6.0.1"
source = { registry = "https://pypi.org/simple" }
sdist = { url = "https://files.pythonhosted.org/packages/cd/e5/af35f7ea75cf72f2cd079c95ee16797de7cd71f29ea7c68ae5ce7be1eda0/PyYAML-6.0.1.tar.gz", hash = "sha256:bfdf460b1736c775f2ba9f6a92bca30bc2095067b8a9d77876d1fad6cc3b4a43", size = 125201 }
wheels = [
    { url = "https://files.pythonhosted.org/packages/c7/d1/02baa09d39b1bb1ebaf0d850d106d1bdcb47c91958557f471153c49dc03b/PyYAML-6.0.1-cp37-cp37m-macosx_10_9_x86_64.whl", hash = "sha256:b1275ad35a5d18c62a7220633c913e1b42d44b46ee12554e5fd39c70a243d6a3", size = 189627 },
    { url = "https://files.pythonhosted.org/packages/e5/31/ba812efa640a264dbefd258986a5e4e786230cb1ee4a9f54eb28ca01e14a/PyYAML-6.0.1-cp37-cp37m-manylinux_2_17_aarch64.manylinux2014_aarch64.whl", hash = "sha256:18aeb1bf9a78867dc38b259769503436b7c72f7a1f1f4c93ff9a17de54319b27", size = 658438 },
    { url = "https://files.pythonhosted.org/packages/4d/f1/08f06159739254c8947899c9fc901241614195db15ba8802ff142237664c/PyYAML-6.0.1-cp37-cp37m-manylinux_2_17_s390x.manylinux2014_s390x.whl", hash = "sha256:596106435fa6ad000c2991a98fa58eeb8656ef2325d7e158344fb33864ed87e3", size = 680304 },
    { url = "https://files.pythonhosted.org/packages/d7/8f/db62b0df635b9008fe90aa68424e99cee05e68b398740c8a666a98455589/PyYAML-6.0.1-cp37-cp37m-manylinux_2_17_x86_64.manylinux2014_x86_64.whl", hash = "sha256:baa90d3f661d43131ca170712d903e6295d1f7a0f595074f151c0aed377c9b9c", size = 670140 },
    { url = "https://files.pythonhosted.org/packages/cc/5c/fcabd17918348c7db2eeeb0575705aaf3f7ab1657f6ce29b2e31737dd5d1/PyYAML-6.0.1-cp37-cp37m-win32.whl", hash = "sha256:9046c58c4395dff28dd494285c82ba00b546adfc7ef001486fbf0324bc174fba", size = 137577 },
    { url = "https://files.pythonhosted.org/packages/1e/ae/964ccb88a938f20ece5754878f182cfbd846924930d02d29d06af8d4c69e/PyYAML-6.0.1-cp37-cp37m-win_amd64.whl", hash = "sha256:4fb147e7a67ef577a588a0e2c17b6db51dda102c71de36f8549b6816a96e1867", size = 153248 },
]

[[package]]
name = "requests"
version = "2.31.0"
source = { registry = "https://pypi.org/simple" }
dependencies = [
    { name = "certifi" },
    { name = "charset-normalizer" },
    { name = "idna" },
    { name = "urllib3" },
]
sdist = { url = "https://files.pythonhosted.org/packages/9d/be/10918a2eac4ae9f02f6cfe6414b7a155ccd8f7f9d4380d62fd5b955065c3/requests-2.31.0.tar.gz", hash = "sha256:942c5a758f98d790eaed1a29cb6eefc7ffb0d1cf7af05c3d2791656dbd6ad1e1", size = 110794 }
wheels = [
    { url = "https://files.pythonhosted.org/packages/70/8e/0e2d847013cb52cd35b38c009bb167a1a26b2ce6cd6965bf26b47bc0bf44/requests-2.31.0-py3-none-any.whl", hash = "sha256:58cd2187c01e70e6e26505bca751777aa9f2ee0b7f4300988b709f44e013003f", size = 62574 },
]

[[package]]
name = "requests-oauthlib"
version = "2.0.0"
source = { registry = "https://pypi.org/simple" }
dependencies = [
    { name = "oauthlib" },
    { name = "requests" },
]
sdist = { url = "https://files.pythonhosted.org/packages/42/f2/05f29bc3913aea15eb670be136045bf5c5bbf4b99ecb839da9b422bb2c85/requests-oauthlib-2.0.0.tar.gz", hash = "sha256:b3dffaebd884d8cd778494369603a9e7b58d29111bf6b41bdc2dcd87203af4e9", size = 55650 }
wheels = [
    { url = "https://files.pythonhosted.org/packages/3b/5d/63d4ae3b9daea098d5d6f5da83984853c1bbacd5dc826764b249fe119d24/requests_oauthlib-2.0.0-py2.py3-none-any.whl", hash = "sha256:7dd8a5c40426b779b0868c404bdef9768deccf22749cde15852df527e6269b36", size = 24179 },
]

[[package]]
name = "rsa"
version = "4.9.1"
source = { registry = "https://pypi.org/simple" }
dependencies = [
    { name = "pyasn1" },
]
sdist = { url = "https://files.pythonhosted.org/packages/da/8a/22b7beea3ee0d44b1916c0c1cb0ee3af23b700b6da9f04991899d0c555d4/rsa-4.9.1.tar.gz", hash = "sha256:e7bdbfdb5497da4c07dfd35530e1a902659db6ff241e39d9953cad06ebd0ae75", size = 29034 }
wheels = [
    { url = "https://files.pythonhosted.org/packages/64/8d/0133e4eb4beed9e425d9a98ed6e081a55d195481b7632472be1af08d2f6b/rsa-4.9.1-py3-none-any.whl", hash = "sha256:68635866661c6836b8d39430f97a996acbd61bfa49406748ea243539fe239762", size = 34696 },
]

[[package]]
name = "scipy"
version = "1.4.1"
source = { registry = "https://pypi.org/simple" }
dependencies = [
    { name = "numpy" },
]
sdist = { url = "https://files.pythonhosted.org/packages/04/ab/e2eb3e3f90b9363040a3d885ccc5c79fe20c5b8a3caa8fe3bf47ff653260/scipy-1.4.1.tar.gz", hash = "sha256:dee1bbf3a6c8f73b6b218cb28eed8dd13347ea2f87d572ce19b289d6fd3fbc59", size = 24555206 }
wheels = [
    { url = "https://files.pythonhosted.org/packages/85/7a/ae480be23b768910a9327c33517ced4623ba88dc035f9ce0206657c353a9/scipy-1.4.1-cp37-cp37m-macosx_10_6_intel.whl", hash = "sha256:787cc50cab3020a865640aba3485e9fbd161d4d3b0d03a967df1a2881320512d", size = 28391901 },
    { url = "https://files.pythonhosted.org/packages/42/49/9c113fc85e1d6a38eb2f4bf8702310a0ed00886def039c1a9a14532196df/scipy-1.4.1-cp37-cp37m-manylinux1_i686.whl", hash = "sha256:0902a620a381f101e184a958459b36d3ee50f5effd186db76e131cbefcbb96f7", size = 22576912 },
    { url = "https://files.pythonhosted.org/packages/dd/82/c1fe128f3526b128cfd185580ba40d01371c5d299fcf7f77968e22dfcc2e/scipy-1.4.1-cp37-cp37m-manylinux1_x86_64.whl", hash = "sha256:00af72998a46c25bdb5824d2b729e7dabec0c765f9deb0b504f928591f5ff9d4", size = 26076707 },
    { url = "https://files.pythonhosted.org/packages/17/e8/2aaf518a81bb0bdb0743a21cc7be3fae4101f763b3c8b097d62118d9267f/scipy-1.4.1-cp37-cp37m-win32.whl", hash = "sha256:9508a7c628a165c2c835f2497837bf6ac80eb25291055f56c129df3c943cbaf8", size = 27750391 },
    { url = "https://files.pythonhosted.org/packages/61/51/046cbc61c7607e5ecead6ff1a9453fba5e7e47a5ea8d608cc7036586a5ef/scipy-1.4.1-cp37-cp37m-win_amd64.whl", hash = "sha256:a2d6df9eb074af7f08866598e4ef068a2b310d98f87dc23bd1b90ec7bdcec802", size = 30860902 },
]

[[package]]
name = "setuptools"
version = "68.0.0"
source = { registry = "https://pypi.org/simple" }
sdist = { url = "https://files.pythonhosted.org/packages/dc/98/5f896af066c128669229ff1aa81553ac14cfb3e5e74b6b44594132b8540e/setuptools-68.0.0.tar.gz", hash = "sha256:baf1fdb41c6da4cd2eae722e135500da913332ab3f2f5c7d33af9b492acb5235", size = 2194111 }
wheels = [
    { url = "https://files.pythonhosted.org/packages/c7/42/be1c7bbdd83e1bfb160c94b9cafd8e25efc7400346cf7ccdbdb452c467fa/setuptools-68.0.0-py3-none-any.whl", hash = "sha256:11e52c67415a381d10d6b462ced9cfb97066179f0e871399e006c4ab101fc85f", size = 804037 },
]

[[package]]
name = "six"
version = "1.17.0"
source = { registry = "https://pypi.org/simple" }
sdist = { url = "https://files.pythonhosted.org/packages/94/e7/b2c673351809dca68a0e064b6af791aa332cf192da575fd474ed7d6f16a2/six-1.17.0.tar.gz", hash = "sha256:ff70335d468e7eb6ec65b95b99d3a2836546063f63acc5171de367e834932a81", size = 34031 }
wheels = [
    { url = "https://files.pythonhosted.org/packages/b7/ce/149a00dd41f10bc29e5921b496af8b574d8413afcd5e30dfa0ed46c2cc5e/six-1.17.0-py2.py3-none-any.whl", hash = "sha256:4721f391ed90541fddacab5acf947aa0d3dc7d27b2e1e8eda2be8970586c3274", size = 11050 },
]

[[package]]
name = "tensorboard"
version = "2.2.2"
source = { registry = "https://pypi.org/simple" }
dependencies = [
    { name = "absl-py" },
    { name = "google-auth" },
    { name = "google-auth-oauthlib" },
    { name = "grpcio" },
    { name = "markdown" },
    { name = "numpy" },
    { name = "protobuf" },
    { name = "requests" },
    { name = "setuptools" },
    { name = "six" },
    { name = "tensorboard-plugin-wit" },
    { name = "werkzeug" },
    { name = "wheel" },
]
wheels = [
    { url = "https://files.pythonhosted.org/packages/1d/74/0a6fcb206dcc72a6da9a62dd81784bfdbff5fedb099982861dc2219014fb/tensorboard-2.2.2-py3-none-any.whl", hash = "sha256:a3feb73e1221c0a512398ad2cd08570fb082d8a2ba364aa0562543ecbd3659ef", size = 2951018 },
]

[[package]]
name = "tensorboard-plugin-wit"
version = "1.8.1"
source = { registry = "https://pypi.org/simple" }
wheels = [
    { url = "https://files.pythonhosted.org/packages/e0/68/e8ecfac5dd594b676c23a7f07ea34c197d7d69b3313afdf8ac1b0a9905a2/tensorboard_plugin_wit-1.8.1-py3-none-any.whl", hash = "sha256:ff26bdd583d155aa951ee3b152b3d0cffae8005dc697f72b44a8e8c2a77a8cbe", size = 781327 },
]

[[package]]
name = "tensorflow"
version = "2.2.0"
source = { registry = "https://pypi.org/simple" }
dependencies = [
    { name = "absl-py" },
    { name = "astunparse" },
    { name = "gast" },
    { name = "google-pasta" },
    { name = "grpcio" },
    { name = "h5py" },
    { name = "keras-preprocessing" },
    { name = "numpy" },
    { name = "opt-einsum" },
    { name = "protobuf" },
    { name = "scipy" },
    { name = "six" },
    { name = "tensorboard" },
    { name = "tensorflow-estimator" },
    { name = "termcolor" },
    { name = "wheel" },
    { name = "wrapt" },
]
wheels = [
    { url = "https://files.pythonhosted.org/packages/49/b7/b6de9de9f14b940ad877fb376c6e1f72d6ea924affce04656b0423725e47/tensorflow-2.2.0-cp37-cp37m-macosx_10_11_x86_64.whl", hash = "sha256:c332c7fc5cfd54cb86d5da99787c9693e3a924848097c54df1b71ee595a39c93", size = 175311245 },
    { url = "https://files.pythonhosted.org/packages/4c/1a/0d79814736cfecc825ab8094b39648cc9c46af7af1bae839928acb73b4dd/tensorflow-2.2.0-cp37-cp37m-manylinux2010_x86_64.whl", hash = "sha256:f5f27528570fc0d7b90668be10c5dfd90d6ceb8fd2ed62d7d679554acb616bfe", size = 516220222 },
    { url = "https://files.pythonhosted.org/packages/af/50/d7da24189d95e2084bb1cc350a8e4acdf1b0c9b3d57def7a348f0d9cb062/tensorflow-2.2.0-cp37-cp37m-win_amd64.whl", hash = "sha256:68ea22aee9c269a6a0c1061c141f1ec1cd1b1be7569390519c1bf4773f434a40", size = 459173385 },
]

[[package]]
name = "tensorflow-addons"
version = "0.11.2"
source = { registry = "https://pypi.org/simple" }
dependencies = [
    { name = "typeguard" },
]
wheels = [
    { url = "https://files.pythonhosted.org/packages/fe/af/0d5a3fb5f2a4e641309d36f4b787a1fb5be49e84d2b8740d7258b4344733/tensorflow_addons-0.11.2-cp37-cp37m-macosx_10_13_x86_64.whl", hash = "sha256:22177e036e17d057afeeea0327f045d2aeb84539db31c4d81dbb5e7942692ce5", size = 613867 },
    { url = "https://files.pythonhosted.org/packages/f9/9b/198d3745f937d1ab244eabc4ffdc420f84f2b86d6d8f0937f3f0acc1b258/tensorflow_addons-0.11.2-cp37-cp37m-manylinux2010_x86_64.whl", hash = "sha256:76d7a1b99ddb69c3990581147fe751c9767f3b2555836f170c4a580525decdf9", size = 1100359 },
    { url = "https://files.pythonhosted.org/packages/0d/96/6eb43345734804b64116afae5bcde7eaf5711e52b183de7cc1ec866a357f/tensorflow_addons-0.11.2-cp37-cp37m-win_amd64.whl", hash = "sha256:8663048652b8b5f7fb09c58b1c166c001fdf6e704e4a132307daef08f1b7beab", size = 911222 },
]

[[package]]
name = "tensorflow-estimator"
version = "2.2.0"
source = { registry = "https://pypi.org/simple" }
wheels = [
    { url = "https://files.pythonhosted.org/packages/a4/f5/926ae53d6a226ec0fda5208e0e581cffed895ccc89e36ba76a8e60895b78/tensorflow_estimator-2.2.0-py2.py3-none-any.whl", hash = "sha256:d09dacdd127f2579cea8d5af21f4a918036b8ae246adc82f26b61f91cc247dc2", size = 454574 },
]

[[package]]
name = "termcolor"
version = "2.3.0"
source = { registry = "https://pypi.org/simple" }
sdist = { url = "https://files.pythonhosted.org/packages/b8/85/147a0529b4e80b6b9d021ca8db3a820fcac53ec7374b87073d004aaf444c/termcolor-2.3.0.tar.gz", hash = "sha256:b5b08f68937f138fe92f6c089b99f1e2da0ae56c52b78bf7075fd95420fd9a5a", size = 12163 }
wheels = [
    { url = "https://files.pythonhosted.org/packages/67/e1/434566ffce04448192369c1a282931cf4ae593e91907558eaecd2e9f2801/termcolor-2.3.0-py3-none-any.whl", hash = "sha256:3afb05607b89aed0ffe25202399ee0867ad4d3cb4180d98aaf8eefa6a5f7d475", size = 6872 },
]

[[package]]
name = "torch"
version = "1.5.1"
source = { registry = "https://pypi.org/simple" }
dependencies = [
    { name = "future" },
    { name = "numpy" },
]
wheels = [
    { url = "https://files.pythonhosted.org/packages/a4/cf/007b6de316c9f3d4cb315a60c308342cc299e464167f5ebc369e93b5e23a/torch-1.5.1-cp37-cp37m-manylinux1_x86_64.whl", hash = "sha256:70046cf66eb40ead89df25b8dcc571c3007fc9849d4e1d254cc09b4b355374d4", size = 753158209 },
    { url = "https://files.pythonhosted.org/packages/5d/ad/51da3af99a515c31226f50c37d85e63423f9e28174c2984e11e4fb47ae01/torch-1.5.1-cp37-none-macosx_10_9_x86_64.whl", hash = "sha256:bb2a3e6c9c9dbfda856bd1b1a55d88789a9488b569ffba9cd6d9aa536ef866ba", size = 80539965 },
]

[[package]]
name = "typeguard"
version = "4.1.2"
source = { registry = "https://pypi.org/simple" }
dependencies = [
    { name = "importlib-metadata" },
    { name = "typing-extensions" },
]
sdist = { url = "https://files.pythonhosted.org/packages/85/3b/bfac182aaf3d084832fbe5fb1bdbf52c3ec8b0d10838888521b697952900/typeguard-4.1.2.tar.gz", hash = "sha256:3be187945f9ef5a9f6d7a926dfe54babb7dfd807085ce05f9a5e8735f2487990", size = 67758 }
wheels = [
    { url = "https://files.pythonhosted.org/packages/bb/bd/dc7da80c95c920ee2b575e64901b5962ca4a1271b5f3cf6c27242aa0aafc/typeguard-4.1.2-py3-none-any.whl", hash = "sha256:e00775920d4c91e93a0db0ed473ecda9cfaca578aed3ce0ed3ba7f3cc38eab9c", size = 33976 },
]

[[package]]
name = "typing-extensions"
version = "4.7.1"
source = { registry = "https://pypi.org/simple" }
sdist = { url = "https://files.pythonhosted.org/packages/3c/8b/0111dd7d6c1478bf83baa1cab85c686426c7a6274119aceb2bd9d35395ad/typing_extensions-4.7.1.tar.gz", hash = "sha256:b75ddc264f0ba5615db7ba217daeb99701ad295353c45f9e95963337ceeeffb2", size = 72876 }
wheels = [
    { url = "https://files.pythonhosted.org/packages/ec/6b/63cc3df74987c36fe26157ee12e09e8f9db4de771e0f3404263117e75b95/typing_extensions-4.7.1-py3-none-any.whl", hash = "sha256:440d5dd3af93b060174bf433bccd69b0babc3b15b1a8dca43789fd7f61514b36", size = 33232 },
]

[[package]]
name = "urllib3"
version = "2.0.7"
source = { registry = "https://pypi.org/simple" }
sdist = { url = "https://files.pythonhosted.org/packages/af/47/b215df9f71b4fdba1025fc05a77db2ad243fa0926755a52c5e71659f4e3c/urllib3-2.0.7.tar.gz", hash = "sha256:c97dfde1f7bd43a71c8d2a58e369e9b2bf692d1334ea9f9cae55add7d0dd0f84", size = 282546 }
wheels = [
    { url = "https://files.pythonhosted.org/packages/d2/b2/b157855192a68541a91ba7b2bbcb91f1b4faa51f8bae38d8005c034be524/urllib3-2.0.7-py3-none-any.whl", hash = "sha256:fdb6d215c776278489906c2f8916e6e7d4f5a9b602ccbcfdf7f016fc8da0596e", size = 124213 },
]

[[package]]
name = "werkzeug"
version = "2.2.3"
source = { registry = "https://pypi.org/simple" }
dependencies = [
    { name = "markupsafe" },
]
sdist = { url = "https://files.pythonhosted.org/packages/02/3c/baaebf3235c87d61d6593467056d5a8fba7c75ac838b8d100a5e64eba7a0/Werkzeug-2.2.3.tar.gz", hash = "sha256:2e1ccc9417d4da358b9de6f174e3ac094391ea1d4fbef2d667865d819dfd0afe", size = 845884 }
wheels = [
    { url = "https://files.pythonhosted.org/packages/f6/f8/9da63c1617ae2a1dec2fbf6412f3a0cfe9d4ce029eccbda6e1e4258ca45f/Werkzeug-2.2.3-py3-none-any.whl", hash = "sha256:56433961bc1f12533306c624f3be5e744389ac61d722175d543e1751285da612", size = 233551 },
]

[[package]]
name = "wheel"
version = "0.42.0"
source = { registry = "https://pypi.org/simple" }
sdist = { url = "https://files.pythonhosted.org/packages/b0/b4/bc2baae3970c282fae6c2cb8e0f179923dceb7eaffb0e76170628f9af97b/wheel-0.42.0.tar.gz", hash = "sha256:c45be39f7882c9d34243236f2d63cbd58039e360f85d0913425fbd7ceea617a8", size = 98667 }
wheels = [
    { url = "https://files.pythonhosted.org/packages/c7/c3/55076fc728723ef927521abaa1955213d094933dc36d4a2008d5101e1af5/wheel-0.42.0-py3-none-any.whl", hash = "sha256:177f9c9b0d45c47873b619f5b650346d632cdc35fb5e4d25058e09c9e581433d", size = 65375 },
]

[[package]]
name = "wrapt"
version = "1.16.0"
source = { registry = "https://pypi.org/simple" }
sdist = { url = "https://files.pythonhosted.org/packages/95/4c/063a912e20bcef7124e0df97282a8af3ff3e4b603ce84c481d6d7346be0a/wrapt-1.16.0.tar.gz", hash = "sha256:5f370f952971e7d17c7d1ead40e49f32345a7f7a5373571ef44d800d06b1899d", size = 53972 }
wheels = [
    { url = "https://files.pythonhosted.org/packages/47/cf/c2861bc5e0d5f4f277e1cefd7b3f8904794cc58469d35eaa82032a84e1c9/wrapt-1.16.0-cp37-cp37m-macosx_10_9_x86_64.whl", hash = "sha256:a0ea261ce52b5952bf669684a251a66df239ec6d441ccb59ec7afa882265d593", size = 37069 },
    { url = "https://files.pythonhosted.org/packages/54/39/04409d9fc89f77bce37b98545b6ee7247ad11df28373206536eea078a390/wrapt-1.16.0-cp37-cp37m-manylinux_2_17_aarch64.manylinux2014_aarch64.whl", hash = "sha256:7bd2d7ff69a2cac767fbf7a2b206add2e9a210e57947dd7ce03e25d03d2de292", size = 77587 },
    { url = "https://files.pythonhosted.org/packages/26/dd/1ea7cb367962a6132ab163e7b2d270049e0f471f0238d0e55cfd27219721/wrapt-1.16.0-cp37-cp37m-manylinux_2_5_i686.manylinux1_i686.manylinux_2_17_i686.manylinux2014_i686.whl", hash = "sha256:9159485323798c8dc530a224bd3ffcf76659319ccc7bbd52e01e73bd0241a0c5", size = 69969 },
    { url = "https://files.pythonhosted.org/packages/7f/46/896369f2550d1ecb5e776f532aada5e77e5e13f821045978cf3d7f3f236b/wrapt-1.16.0-cp37-cp37m-manylinux_2_5_x86_64.manylinux1_x86_64.manylinux_2_17_x86_64.manylinux2014_x86_64.whl", hash = "sha256:a86373cf37cd7764f2201b76496aba58a52e76dedfaa698ef9e9688bfd9e41cf", size = 77483 },
    { url = "https://files.pythonhosted.org/packages/bf/42/1241b88440ccf8adbf78c81c8899001459102031cc52668cc4e749d9987e/wrapt-1.16.0-cp37-cp37m-musllinux_1_1_aarch64.whl", hash = "sha256:73870c364c11f03ed072dda68ff7aea6d2a3a5c3fe250d917a429c7432e15228", size = 82832 },
    { url = "https://files.pythonhosted.org/packages/03/60/67dbc0624f1c86cce6150c0b2e13d906009fd6d33128add60a8a2d23137d/wrapt-1.16.0-cp37-cp37m-musllinux_1_1_i686.whl", hash = "sha256:b935ae30c6e7400022b50f8d359c03ed233d45b725cfdd299462f41ee5ffba6f", size = 75782 },
    { url = "https://files.pythonhosted.org/packages/8e/5f/574076e289c42e7c1c2abe944fd9dafb5adcb20b36577d4966ddef145539/wrapt-1.16.0-cp37-cp37m-musllinux_1_1_x86_64.whl", hash = "sha256:db98ad84a55eb09b3c32a96c576476777e87c520a34e2519d3e59c44710c002c", size = 82949 },
    { url = "https://files.pythonhosted.org/packages/78/98/6307b4da5080432c5a37b69da92ae0582fd284441025014047e98a002ea1/wrapt-1.16.0-cp37-cp37m-win32.whl", hash = "sha256:9153ed35fc5e4fa3b2fe97bddaa7cbec0ed22412b85bcdaf54aeba92ea37428c", size = 35182 },
    { url = "https://files.pythonhosted.org/packages/66/a5/50e6a2bd4cbf6671012771ec35085807a375da5e61540bc5f62de62ba955/wrapt-1.16.0-cp37-cp37m-win_amd64.whl", hash = "sha256:66dfbaa7cfa3eb707bbfcd46dab2bc6207b005cbc9caa2199bcbc81d95071a00", size = 37314 },
    { url = "https://files.pythonhosted.org/packages/ff/21/abdedb4cdf6ff41ebf01a74087740a709e2edb146490e4d9beea054b0b7a/wrapt-1.16.0-py3-none-any.whl", hash = "sha256:6906c4100a8fcbf2fa735f6059214bb13b97f75b1a61777fcf6432121ef12ef1", size = 23362 },
]

[[package]]
name = "zipp"
version = "3.15.0"
source = { registry = "https://pypi.org/simple" }
sdist = { url = "https://files.pythonhosted.org/packages/00/27/f0ac6b846684cecce1ee93d32450c45ab607f65c2e0255f0092032d91f07/zipp-3.15.0.tar.gz", hash = "sha256:112929ad649da941c23de50f356a2b5570c954b65150642bccdd66bf194d224b", size = 18454 }
wheels = [
    { url = "https://files.pythonhosted.org/packages/5b/fa/c9e82bbe1af6266adf08afb563905eb87cab83fde00a0a08963510621047/zipp-3.15.0-py3-none-any.whl", hash = "sha256:48904fc76a60e542af151aded95726c1a5c34ed43ab4134b597665c86d7ad556", size = 6758 },
]
